// !$*UTF8*$!
{
	archiveVersion = 1;
	classes = {
	};
	objectVersion = 46;
	objects = {

/* Begin PBXBuildFile section */
		85CCB3855ED7464FA01998BB /* libPods.a in Frameworks */ = {isa = PBXBuildFile; fileRef = 89DA61B2468C46538BD0BADE /* libPods.a */; };
		F729204816314F550045EB76 /* Foundation.framework in Frameworks */ = {isa = PBXBuildFile; fileRef = F729204716314F550045EB76 /* Foundation.framework */; };
		F729217C163168E20045EB76 /* AlignedLabel.m in Sources */ = {isa = PBXBuildFile; fileRef = F7292123163168E20045EB76 /* AlignedLabel.m */; };
		F729217E163168E20045EB76 /* BlockAlertView.m in Sources */ = {isa = PBXBuildFile; fileRef = F7292127163168E20045EB76 /* BlockAlertView.m */; };
		F729217F163168E20045EB76 /* BlockButton.m in Sources */ = {isa = PBXBuildFile; fileRef = F7292129163168E20045EB76 /* BlockButton.m */; };
		F7292180163168E20045EB76 /* BlockSwipeGestureRecognizer.m in Sources */ = {isa = PBXBuildFile; fileRef = F729212B163168E20045EB76 /* BlockSwipeGestureRecognizer.m */; };
		F7292181163168E20045EB76 /* BlockTapGestureRecognizer.m in Sources */ = {isa = PBXBuildFile; fileRef = F729212D163168E20045EB76 /* BlockTapGestureRecognizer.m */; };
		F7292182163168E20045EB76 /* ButtonWithBackground.m in Sources */ = {isa = PBXBuildFile; fileRef = F729212F163168E20045EB76 /* ButtonWithBackground.m */; };
		F7292183163168E20045EB76 /* CustomButton.m in Sources */ = {isa = PBXBuildFile; fileRef = F7292131163168E20045EB76 /* CustomButton.m */; };
		F7292188163168E20045EB76 /* HiddenTabBarController.m in Sources */ = {isa = PBXBuildFile; fileRef = F729213B163168E20045EB76 /* HiddenTabBarController.m */; };
		F7292189163168E20045EB76 /* ImageViewWithPattern.m in Sources */ = {isa = PBXBuildFile; fileRef = F729213D163168E20045EB76 /* ImageViewWithPattern.m */; };
		F729218A163168E20045EB76 /* KeyboardListener.m in Sources */ = {isa = PBXBuildFile; fileRef = F729213F163168E20045EB76 /* KeyboardListener.m */; };
		F729218B163168E20045EB76 /* LoadingAlertView.m in Sources */ = {isa = PBXBuildFile; fileRef = F7292141163168E20045EB76 /* LoadingAlertView.m */; };
		F729218C163168E20045EB76 /* NSArray+P34Utils.m in Sources */ = {isa = PBXBuildFile; fileRef = F7292143163168E20045EB76 /* NSArray+P34Utils.m */; };
		F729218D163168E20045EB76 /* NSDate+P34Utils.m in Sources */ = {isa = PBXBuildFile; fileRef = F7292145163168E20045EB76 /* NSDate+P34Utils.m */; };
		F729218E163168E20045EB76 /* NSFileManager+P34Utils.m in Sources */ = {isa = PBXBuildFile; fileRef = F7292147163168E20045EB76 /* NSFileManager+P34Utils.m */; };
		F729218F163168E20045EB76 /* NSManagedObject+P34Utils.m in Sources */ = {isa = PBXBuildFile; fileRef = F7292149163168E20045EB76 /* NSManagedObject+P34Utils.m */; };
		F7292190163168E20045EB76 /* NSMutableArray+P34Utils.m in Sources */ = {isa = PBXBuildFile; fileRef = F729214B163168E20045EB76 /* NSMutableArray+P34Utils.m */; };
		F7292191163168E20045EB76 /* NSMutableString+P34Utils.m in Sources */ = {isa = PBXBuildFile; fileRef = F729214D163168E20045EB76 /* NSMutableString+P34Utils.m */; };
		F7292192163168E20045EB76 /* NSObject+P34Utils.m in Sources */ = {isa = PBXBuildFile; fileRef = F729214F163168E20045EB76 /* NSObject+P34Utils.m */; };
		F7292193163168E20045EB76 /* NSSet+P34Utils.m in Sources */ = {isa = PBXBuildFile; fileRef = F7292151163168E20045EB76 /* NSSet+P34Utils.m */; };
		F7292194163168E20045EB76 /* NSString+P34Utils.m in Sources */ = {isa = PBXBuildFile; fileRef = F7292153163168E20045EB76 /* NSString+P34Utils.m */; };
		F7292196163168E20045EB76 /* Reachability+P34Utils.m in Sources */ = {isa = PBXBuildFile; fileRef = F7292157163168E20045EB76 /* Reachability+P34Utils.m */; };
		F7292197163168E20045EB76 /* StretchableImageView.m in Sources */ = {isa = PBXBuildFile; fileRef = F7292159163168E20045EB76 /* StretchableImageView.m */; };
		F7292198163168E20045EB76 /* StringUtils.m in Sources */ = {isa = PBXBuildFile; fileRef = F729215B163168E20045EB76 /* StringUtils.m */; };
		F7292199163168E20045EB76 /* TransparentTableView.m in Sources */ = {isa = PBXBuildFile; fileRef = F729215D163168E20045EB76 /* TransparentTableView.m */; };
		F729219A163168E20045EB76 /* UIApplication+P34Utils.m in Sources */ = {isa = PBXBuildFile; fileRef = F729215F163168E20045EB76 /* UIApplication+P34Utils.m */; };
		F729219B163168E20045EB76 /* UIColor+P34Utils.m in Sources */ = {isa = PBXBuildFile; fileRef = F7292161163168E20045EB76 /* UIColor+P34Utils.m */; };
		F729219C163168E20045EB76 /* UIImage+Alpha.m in Sources */ = {isa = PBXBuildFile; fileRef = F7292163163168E20045EB76 /* UIImage+Alpha.m */; };
		F729219D163168E20045EB76 /* UIImage+P34Utils.m in Sources */ = {isa = PBXBuildFile; fileRef = F7292165163168E20045EB76 /* UIImage+P34Utils.m */; };
		F729219E163168E20045EB76 /* UIImage+Resize.m in Sources */ = {isa = PBXBuildFile; fileRef = F7292167163168E20045EB76 /* UIImage+Resize.m */; };
		F729219F163168E20045EB76 /* UIImage+RoundedCorner.m in Sources */ = {isa = PBXBuildFile; fileRef = F7292169163168E20045EB76 /* UIImage+RoundedCorner.m */; };
		F72921A0163168E20045EB76 /* UILabel+P34Utils.m in Sources */ = {isa = PBXBuildFile; fileRef = F729216B163168E20045EB76 /* UILabel+P34Utils.m */; };
		F72921A1163168E20045EB76 /* UIScrollView+P34Utils.m in Sources */ = {isa = PBXBuildFile; fileRef = F729216D163168E20045EB76 /* UIScrollView+P34Utils.m */; };
		F72921A2163168E20045EB76 /* UITableView+P34Utils.m in Sources */ = {isa = PBXBuildFile; fileRef = F729216F163168E20045EB76 /* UITableView+P34Utils.m */; };
		F72921A3163168E20045EB76 /* UITableViewCell+P34Utils.m in Sources */ = {isa = PBXBuildFile; fileRef = F7292171163168E20045EB76 /* UITableViewCell+P34Utils.m */; };
		F72921A4163168E20045EB76 /* UIView+Fading.m in Sources */ = {isa = PBXBuildFile; fileRef = F7292173163168E20045EB76 /* UIView+Fading.m */; };
		F72921A5163168E20045EB76 /* UIView+P34Utils.m in Sources */ = {isa = PBXBuildFile; fileRef = F7292175163168E20045EB76 /* UIView+P34Utils.m */; };
		F72921A6163168E20045EB76 /* UIViewController+P34Utils.m in Sources */ = {isa = PBXBuildFile; fileRef = F7292177163168E20045EB76 /* UIViewController+P34Utils.m */; };
		F72921A7163168E20045EB76 /* UIWebView+P34Utils.m in Sources */ = {isa = PBXBuildFile; fileRef = F7292179163168E20045EB76 /* UIWebView+P34Utils.m */; };
		F72921A8163168E20045EB76 /* VideoPlayingResolver.m in Sources */ = {isa = PBXBuildFile; fileRef = F729217B163168E20045EB76 /* VideoPlayingResolver.m */; };
		F72921AB163169000045EB76 /* P34Utils.m in Sources */ = {isa = PBXBuildFile; fileRef = F72921AA163169000045EB76 /* P34Utils.m */; };
		F777D6FA1A115152002DEBB0 /* NSMutableAttributedString+P34Utils.m in Sources */ = {isa = PBXBuildFile; fileRef = F777D6F91A115152002DEBB0 /* NSMutableAttributedString+P34Utils.m */; };
		F784BBDD185E06D300428ADA /* NSAttributedString+P34Utils.m in Sources */ = {isa = PBXBuildFile; fileRef = F784BBDC185E06D300428ADA /* NSAttributedString+P34Utils.m */; };
/* End PBXBuildFile section */

/* Begin PBXCopyFilesBuildPhase section */
		F729204216314F550045EB76 /* CopyFiles */ = {
			isa = PBXCopyFilesBuildPhase;
			buildActionMask = 2147483647;
			dstPath = "include/${PRODUCT_NAME}";
			dstSubfolderSpec = 16;
			files = (
			);
			runOnlyForDeploymentPostprocessing = 0;
		};
/* End PBXCopyFilesBuildPhase section */

/* Begin PBXFileReference section */
		3FEC9FA3EAC5585D22F62479 /* Pods.release.xcconfig */ = {isa = PBXFileReference; includeInIndex = 1; lastKnownFileType = text.xcconfig; name = Pods.release.xcconfig; path = "Pods/Target Support Files/Pods/Pods.release.xcconfig"; sourceTree = "<group>"; };
		89DA61B2468C46538BD0BADE /* libPods.a */ = {isa = PBXFileReference; explicitFileType = archive.ar; includeInIndex = 0; path = libPods.a; sourceTree = BUILT_PRODUCTS_DIR; };
		F729204416314F550045EB76 /* libP34Utils.a */ = {isa = PBXFileReference; explicitFileType = archive.ar; includeInIndex = 0; path = libP34Utils.a; sourceTree = BUILT_PRODUCTS_DIR; };
		F729204716314F550045EB76 /* Foundation.framework */ = {isa = PBXFileReference; includeInIndex = 1; lastKnownFileType = wrapper.framework; name = Foundation.framework; path = System/Library/Frameworks/Foundation.framework; sourceTree = SDKROOT; };
		F72920F1163153FA0045EB76 /* P34Utils-Prefix.pch */ = {isa = PBXFileReference; fileEncoding = 4; lastKnownFileType = sourcecode.c.h; path = "P34Utils-Prefix.pch"; sourceTree = SOURCE_ROOT; };
		F7292122163168E20045EB76 /* AlignedLabel.h */ = {isa = PBXFileReference; fileEncoding = 4; lastKnownFileType = sourcecode.c.h; path = AlignedLabel.h; sourceTree = "<group>"; };
		F7292123163168E20045EB76 /* AlignedLabel.m */ = {isa = PBXFileReference; fileEncoding = 4; lastKnownFileType = sourcecode.c.objc; path = AlignedLabel.m; sourceTree = "<group>"; };
		F7292126163168E20045EB76 /* BlockAlertView.h */ = {isa = PBXFileReference; fileEncoding = 4; lastKnownFileType = sourcecode.c.h; path = BlockAlertView.h; sourceTree = "<group>"; };
		F7292127163168E20045EB76 /* BlockAlertView.m */ = {isa = PBXFileReference; fileEncoding = 4; lastKnownFileType = sourcecode.c.objc; path = BlockAlertView.m; sourceTree = "<group>"; };
		F7292128163168E20045EB76 /* BlockButton.h */ = {isa = PBXFileReference; fileEncoding = 4; lastKnownFileType = sourcecode.c.h; path = BlockButton.h; sourceTree = "<group>"; };
		F7292129163168E20045EB76 /* BlockButton.m */ = {isa = PBXFileReference; fileEncoding = 4; lastKnownFileType = sourcecode.c.objc; path = BlockButton.m; sourceTree = "<group>"; };
		F729212A163168E20045EB76 /* BlockSwipeGestureRecognizer.h */ = {isa = PBXFileReference; fileEncoding = 4; lastKnownFileType = sourcecode.c.h; path = BlockSwipeGestureRecognizer.h; sourceTree = "<group>"; };
		F729212B163168E20045EB76 /* BlockSwipeGestureRecognizer.m */ = {isa = PBXFileReference; fileEncoding = 4; lastKnownFileType = sourcecode.c.objc; path = BlockSwipeGestureRecognizer.m; sourceTree = "<group>"; };
		F729212C163168E20045EB76 /* BlockTapGestureRecognizer.h */ = {isa = PBXFileReference; fileEncoding = 4; lastKnownFileType = sourcecode.c.h; path = BlockTapGestureRecognizer.h; sourceTree = "<group>"; };
		F729212D163168E20045EB76 /* BlockTapGestureRecognizer.m */ = {isa = PBXFileReference; fileEncoding = 4; lastKnownFileType = sourcecode.c.objc; path = BlockTapGestureRecognizer.m; sourceTree = "<group>"; };
		F729212E163168E20045EB76 /* ButtonWithBackground.h */ = {isa = PBXFileReference; fileEncoding = 4; lastKnownFileType = sourcecode.c.h; path = ButtonWithBackground.h; sourceTree = "<group>"; };
		F729212F163168E20045EB76 /* ButtonWithBackground.m */ = {isa = PBXFileReference; fileEncoding = 4; lastKnownFileType = sourcecode.c.objc; path = ButtonWithBackground.m; sourceTree = "<group>"; };
		F7292130163168E20045EB76 /* CustomButton.h */ = {isa = PBXFileReference; fileEncoding = 4; lastKnownFileType = sourcecode.c.h; path = CustomButton.h; sourceTree = "<group>"; };
		F7292131163168E20045EB76 /* CustomButton.m */ = {isa = PBXFileReference; fileEncoding = 4; lastKnownFileType = sourcecode.c.objc; path = CustomButton.m; sourceTree = "<group>"; };
		F729213A163168E20045EB76 /* HiddenTabBarController.h */ = {isa = PBXFileReference; fileEncoding = 4; lastKnownFileType = sourcecode.c.h; path = HiddenTabBarController.h; sourceTree = "<group>"; };
		F729213B163168E20045EB76 /* HiddenTabBarController.m */ = {isa = PBXFileReference; fileEncoding = 4; lastKnownFileType = sourcecode.c.objc; path = HiddenTabBarController.m; sourceTree = "<group>"; };
		F729213C163168E20045EB76 /* ImageViewWithPattern.h */ = {isa = PBXFileReference; fileEncoding = 4; lastKnownFileType = sourcecode.c.h; path = ImageViewWithPattern.h; sourceTree = "<group>"; };
		F729213D163168E20045EB76 /* ImageViewWithPattern.m */ = {isa = PBXFileReference; fileEncoding = 4; lastKnownFileType = sourcecode.c.objc; path = ImageViewWithPattern.m; sourceTree = "<group>"; };
		F729213E163168E20045EB76 /* KeyboardListener.h */ = {isa = PBXFileReference; fileEncoding = 4; lastKnownFileType = sourcecode.c.h; path = KeyboardListener.h; sourceTree = "<group>"; };
		F729213F163168E20045EB76 /* KeyboardListener.m */ = {isa = PBXFileReference; fileEncoding = 4; lastKnownFileType = sourcecode.c.objc; path = KeyboardListener.m; sourceTree = "<group>"; };
		F7292140163168E20045EB76 /* LoadingAlertView.h */ = {isa = PBXFileReference; fileEncoding = 4; lastKnownFileType = sourcecode.c.h; path = LoadingAlertView.h; sourceTree = "<group>"; };
		F7292141163168E20045EB76 /* LoadingAlertView.m */ = {isa = PBXFileReference; fileEncoding = 4; lastKnownFileType = sourcecode.c.objc; path = LoadingAlertView.m; sourceTree = "<group>"; };
		F7292142163168E20045EB76 /* NSArray+P34Utils.h */ = {isa = PBXFileReference; fileEncoding = 4; lastKnownFileType = sourcecode.c.h; path = "NSArray+P34Utils.h"; sourceTree = "<group>"; };
		F7292143163168E20045EB76 /* NSArray+P34Utils.m */ = {isa = PBXFileReference; fileEncoding = 4; lastKnownFileType = sourcecode.c.objc; path = "NSArray+P34Utils.m"; sourceTree = "<group>"; };
		F7292144163168E20045EB76 /* NSDate+P34Utils.h */ = {isa = PBXFileReference; fileEncoding = 4; lastKnownFileType = sourcecode.c.h; path = "NSDate+P34Utils.h"; sourceTree = "<group>"; };
		F7292145163168E20045EB76 /* NSDate+P34Utils.m */ = {isa = PBXFileReference; fileEncoding = 4; lastKnownFileType = sourcecode.c.objc; path = "NSDate+P34Utils.m"; sourceTree = "<group>"; };
		F7292146163168E20045EB76 /* NSFileManager+P34Utils.h */ = {isa = PBXFileReference; fileEncoding = 4; lastKnownFileType = sourcecode.c.h; path = "NSFileManager+P34Utils.h"; sourceTree = "<group>"; };
		F7292147163168E20045EB76 /* NSFileManager+P34Utils.m */ = {isa = PBXFileReference; fileEncoding = 4; lastKnownFileType = sourcecode.c.objc; path = "NSFileManager+P34Utils.m"; sourceTree = "<group>"; };
		F7292148163168E20045EB76 /* NSManagedObject+P34Utils.h */ = {isa = PBXFileReference; fileEncoding = 4; lastKnownFileType = sourcecode.c.h; path = "NSManagedObject+P34Utils.h"; sourceTree = "<group>"; };
		F7292149163168E20045EB76 /* NSManagedObject+P34Utils.m */ = {isa = PBXFileReference; fileEncoding = 4; lastKnownFileType = sourcecode.c.objc; path = "NSManagedObject+P34Utils.m"; sourceTree = "<group>"; };
		F729214A163168E20045EB76 /* NSMutableArray+P34Utils.h */ = {isa = PBXFileReference; fileEncoding = 4; lastKnownFileType = sourcecode.c.h; path = "NSMutableArray+P34Utils.h"; sourceTree = "<group>"; };
		F729214B163168E20045EB76 /* NSMutableArray+P34Utils.m */ = {isa = PBXFileReference; fileEncoding = 4; lastKnownFileType = sourcecode.c.objc; path = "NSMutableArray+P34Utils.m"; sourceTree = "<group>"; };
		F729214C163168E20045EB76 /* NSMutableString+P34Utils.h */ = {isa = PBXFileReference; fileEncoding = 4; lastKnownFileType = sourcecode.c.h; path = "NSMutableString+P34Utils.h"; sourceTree = "<group>"; };
		F729214D163168E20045EB76 /* NSMutableString+P34Utils.m */ = {isa = PBXFileReference; fileEncoding = 4; lastKnownFileType = sourcecode.c.objc; path = "NSMutableString+P34Utils.m"; sourceTree = "<group>"; };
		F729214E163168E20045EB76 /* NSObject+P34Utils.h */ = {isa = PBXFileReference; fileEncoding = 4; lastKnownFileType = sourcecode.c.h; path = "NSObject+P34Utils.h"; sourceTree = "<group>"; };
		F729214F163168E20045EB76 /* NSObject+P34Utils.m */ = {isa = PBXFileReference; fileEncoding = 4; lastKnownFileType = sourcecode.c.objc; path = "NSObject+P34Utils.m"; sourceTree = "<group>"; };
		F7292150163168E20045EB76 /* NSSet+P34Utils.h */ = {isa = PBXFileReference; fileEncoding = 4; lastKnownFileType = sourcecode.c.h; path = "NSSet+P34Utils.h"; sourceTree = "<group>"; };
		F7292151163168E20045EB76 /* NSSet+P34Utils.m */ = {isa = PBXFileReference; fileEncoding = 4; lastKnownFileType = sourcecode.c.objc; path = "NSSet+P34Utils.m"; sourceTree = "<group>"; };
		F7292152163168E20045EB76 /* NSString+P34Utils.h */ = {isa = PBXFileReference; fileEncoding = 4; lastKnownFileType = sourcecode.c.h; path = "NSString+P34Utils.h"; sourceTree = "<group>"; };
		F7292153163168E20045EB76 /* NSString+P34Utils.m */ = {isa = PBXFileReference; fileEncoding = 4; lastKnownFileType = sourcecode.c.objc; path = "NSString+P34Utils.m"; sourceTree = "<group>"; };
		F7292156163168E20045EB76 /* Reachability+P34Utils.h */ = {isa = PBXFileReference; fileEncoding = 4; lastKnownFileType = sourcecode.c.h; path = "Reachability+P34Utils.h"; sourceTree = "<group>"; };
		F7292157163168E20045EB76 /* Reachability+P34Utils.m */ = {isa = PBXFileReference; fileEncoding = 4; lastKnownFileType = sourcecode.c.objc; path = "Reachability+P34Utils.m"; sourceTree = "<group>"; };
		F7292158163168E20045EB76 /* StretchableImageView.h */ = {isa = PBXFileReference; fileEncoding = 4; lastKnownFileType = sourcecode.c.h; path = StretchableImageView.h; sourceTree = "<group>"; };
		F7292159163168E20045EB76 /* StretchableImageView.m */ = {isa = PBXFileReference; fileEncoding = 4; lastKnownFileType = sourcecode.c.objc; path = StretchableImageView.m; sourceTree = "<group>"; };
		F729215A163168E20045EB76 /* StringUtils.h */ = {isa = PBXFileReference; fileEncoding = 4; lastKnownFileType = sourcecode.c.h; path = StringUtils.h; sourceTree = "<group>"; };
		F729215B163168E20045EB76 /* StringUtils.m */ = {isa = PBXFileReference; fileEncoding = 4; lastKnownFileType = sourcecode.c.objc; path = StringUtils.m; sourceTree = "<group>"; };
		F729215C163168E20045EB76 /* TransparentTableView.h */ = {isa = PBXFileReference; fileEncoding = 4; lastKnownFileType = sourcecode.c.h; path = TransparentTableView.h; sourceTree = "<group>"; };
		F729215D163168E20045EB76 /* TransparentTableView.m */ = {isa = PBXFileReference; fileEncoding = 4; lastKnownFileType = sourcecode.c.objc; path = TransparentTableView.m; sourceTree = "<group>"; };
		F729215E163168E20045EB76 /* UIApplication+P34Utils.h */ = {isa = PBXFileReference; fileEncoding = 4; lastKnownFileType = sourcecode.c.h; path = "UIApplication+P34Utils.h"; sourceTree = "<group>"; };
		F729215F163168E20045EB76 /* UIApplication+P34Utils.m */ = {isa = PBXFileReference; fileEncoding = 4; lastKnownFileType = sourcecode.c.objc; path = "UIApplication+P34Utils.m"; sourceTree = "<group>"; };
		F7292160163168E20045EB76 /* UIColor+P34Utils.h */ = {isa = PBXFileReference; fileEncoding = 4; lastKnownFileType = sourcecode.c.h; path = "UIColor+P34Utils.h"; sourceTree = "<group>"; };
		F7292161163168E20045EB76 /* UIColor+P34Utils.m */ = {isa = PBXFileReference; fileEncoding = 4; lastKnownFileType = sourcecode.c.objc; path = "UIColor+P34Utils.m"; sourceTree = "<group>"; };
		F7292162163168E20045EB76 /* UIImage+Alpha.h */ = {isa = PBXFileReference; fileEncoding = 4; lastKnownFileType = sourcecode.c.h; path = "UIImage+Alpha.h"; sourceTree = "<group>"; };
		F7292163163168E20045EB76 /* UIImage+Alpha.m */ = {isa = PBXFileReference; fileEncoding = 4; lastKnownFileType = sourcecode.c.objc; path = "UIImage+Alpha.m"; sourceTree = "<group>"; };
		F7292164163168E20045EB76 /* UIImage+P34Utils.h */ = {isa = PBXFileReference; fileEncoding = 4; lastKnownFileType = sourcecode.c.h; path = "UIImage+P34Utils.h"; sourceTree = "<group>"; };
		F7292165163168E20045EB76 /* UIImage+P34Utils.m */ = {isa = PBXFileReference; fileEncoding = 4; lastKnownFileType = sourcecode.c.objc; path = "UIImage+P34Utils.m"; sourceTree = "<group>"; };
		F7292166163168E20045EB76 /* UIImage+Resize.h */ = {isa = PBXFileReference; fileEncoding = 4; lastKnownFileType = sourcecode.c.h; path = "UIImage+Resize.h"; sourceTree = "<group>"; };
		F7292167163168E20045EB76 /* UIImage+Resize.m */ = {isa = PBXFileReference; fileEncoding = 4; lastKnownFileType = sourcecode.c.objc; path = "UIImage+Resize.m"; sourceTree = "<group>"; };
		F7292168163168E20045EB76 /* UIImage+RoundedCorner.h */ = {isa = PBXFileReference; fileEncoding = 4; lastKnownFileType = sourcecode.c.h; path = "UIImage+RoundedCorner.h"; sourceTree = "<group>"; };
		F7292169163168E20045EB76 /* UIImage+RoundedCorner.m */ = {isa = PBXFileReference; fileEncoding = 4; lastKnownFileType = sourcecode.c.objc; path = "UIImage+RoundedCorner.m"; sourceTree = "<group>"; };
		F729216A163168E20045EB76 /* UILabel+P34Utils.h */ = {isa = PBXFileReference; fileEncoding = 4; lastKnownFileType = sourcecode.c.h; path = "UILabel+P34Utils.h"; sourceTree = "<group>"; };
		F729216B163168E20045EB76 /* UILabel+P34Utils.m */ = {isa = PBXFileReference; fileEncoding = 4; lastKnownFileType = sourcecode.c.objc; path = "UILabel+P34Utils.m"; sourceTree = "<group>"; };
		F729216C163168E20045EB76 /* UIScrollView+P34Utils.h */ = {isa = PBXFileReference; fileEncoding = 4; lastKnownFileType = sourcecode.c.h; path = "UIScrollView+P34Utils.h"; sourceTree = "<group>"; };
		F729216D163168E20045EB76 /* UIScrollView+P34Utils.m */ = {isa = PBXFileReference; fileEncoding = 4; lastKnownFileType = sourcecode.c.objc; path = "UIScrollView+P34Utils.m"; sourceTree = "<group>"; };
		F729216E163168E20045EB76 /* UITableView+P34Utils.h */ = {isa = PBXFileReference; fileEncoding = 4; lastKnownFileType = sourcecode.c.h; path = "UITableView+P34Utils.h"; sourceTree = "<group>"; };
		F729216F163168E20045EB76 /* UITableView+P34Utils.m */ = {isa = PBXFileReference; fileEncoding = 4; lastKnownFileType = sourcecode.c.objc; path = "UITableView+P34Utils.m"; sourceTree = "<group>"; };
		F7292170163168E20045EB76 /* UITableViewCell+P34Utils.h */ = {isa = PBXFileReference; fileEncoding = 4; lastKnownFileType = sourcecode.c.h; path = "UITableViewCell+P34Utils.h"; sourceTree = "<group>"; };
		F7292171163168E20045EB76 /* UITableViewCell+P34Utils.m */ = {isa = PBXFileReference; fileEncoding = 4; lastKnownFileType = sourcecode.c.objc; path = "UITableViewCell+P34Utils.m"; sourceTree = "<group>"; };
		F7292172163168E20045EB76 /* UIView+Fading.h */ = {isa = PBXFileReference; fileEncoding = 4; lastKnownFileType = sourcecode.c.h; path = "UIView+Fading.h"; sourceTree = "<group>"; };
		F7292173163168E20045EB76 /* UIView+Fading.m */ = {isa = PBXFileReference; fileEncoding = 4; lastKnownFileType = sourcecode.c.objc; path = "UIView+Fading.m"; sourceTree = "<group>"; };
		F7292174163168E20045EB76 /* UIView+P34Utils.h */ = {isa = PBXFileReference; fileEncoding = 4; lastKnownFileType = sourcecode.c.h; path = "UIView+P34Utils.h"; sourceTree = "<group>"; };
		F7292175163168E20045EB76 /* UIView+P34Utils.m */ = {isa = PBXFileReference; fileEncoding = 4; lastKnownFileType = sourcecode.c.objc; path = "UIView+P34Utils.m"; sourceTree = "<group>"; };
		F7292176163168E20045EB76 /* UIViewController+P34Utils.h */ = {isa = PBXFileReference; fileEncoding = 4; lastKnownFileType = sourcecode.c.h; path = "UIViewController+P34Utils.h"; sourceTree = "<group>"; };
		F7292177163168E20045EB76 /* UIViewController+P34Utils.m */ = {isa = PBXFileReference; fileEncoding = 4; lastKnownFileType = sourcecode.c.objc; path = "UIViewController+P34Utils.m"; sourceTree = "<group>"; };
		F7292178163168E20045EB76 /* UIWebView+P34Utils.h */ = {isa = PBXFileReference; fileEncoding = 4; lastKnownFileType = sourcecode.c.h; path = "UIWebView+P34Utils.h"; sourceTree = "<group>"; };
		F7292179163168E20045EB76 /* UIWebView+P34Utils.m */ = {isa = PBXFileReference; fileEncoding = 4; lastKnownFileType = sourcecode.c.objc; path = "UIWebView+P34Utils.m"; sourceTree = "<group>"; };
		F729217A163168E20045EB76 /* VideoPlayingResolver.h */ = {isa = PBXFileReference; fileEncoding = 4; lastKnownFileType = sourcecode.c.h; path = VideoPlayingResolver.h; sourceTree = "<group>"; };
		F729217B163168E20045EB76 /* VideoPlayingResolver.m */ = {isa = PBXFileReference; fileEncoding = 4; lastKnownFileType = sourcecode.c.objc; path = VideoPlayingResolver.m; sourceTree = "<group>"; };
		F72921A9163169000045EB76 /* P34Utils.h */ = {isa = PBXFileReference; fileEncoding = 4; lastKnownFileType = sourcecode.c.h; path = P34Utils.h; sourceTree = SOURCE_ROOT; };
		F72921AA163169000045EB76 /* P34Utils.m */ = {isa = PBXFileReference; fileEncoding = 4; lastKnownFileType = sourcecode.c.objc; path = P34Utils.m; sourceTree = SOURCE_ROOT; };
		F777D6F81A115152002DEBB0 /* NSMutableAttributedString+P34Utils.h */ = {isa = PBXFileReference; fileEncoding = 4; lastKnownFileType = sourcecode.c.h; path = "NSMutableAttributedString+P34Utils.h"; sourceTree = "<group>"; };
		F777D6F91A115152002DEBB0 /* NSMutableAttributedString+P34Utils.m */ = {isa = PBXFileReference; fileEncoding = 4; lastKnownFileType = sourcecode.c.objc; path = "NSMutableAttributedString+P34Utils.m"; sourceTree = "<group>"; };
		F784BBDB185E06D300428ADA /* NSAttributedString+P34Utils.h */ = {isa = PBXFileReference; fileEncoding = 4; lastKnownFileType = sourcecode.c.h; path = "NSAttributedString+P34Utils.h"; sourceTree = "<group>"; };
		F784BBDC185E06D300428ADA /* NSAttributedString+P34Utils.m */ = {isa = PBXFileReference; fileEncoding = 4; lastKnownFileType = sourcecode.c.objc; path = "NSAttributedString+P34Utils.m"; sourceTree = "<group>"; };
		F784BBDE185E06FF00428ADA /* NSMutableAttributedString+Utils.h */ = {isa = PBXFileReference; fileEncoding = 4; lastKnownFileType = sourcecode.c.h; path = "NSMutableAttributedString+Utils.h"; sourceTree = "<group>"; };
		FF4FB677D67017739C371FFE /* Pods.debug.xcconfig */ = {isa = PBXFileReference; includeInIndex = 1; lastKnownFileType = text.xcconfig; name = Pods.debug.xcconfig; path = "Pods/Target Support Files/Pods/Pods.debug.xcconfig"; sourceTree = "<group>"; };
/* End PBXFileReference section */

/* Begin PBXFrameworksBuildPhase section */
		F729204116314F550045EB76 /* Frameworks */ = {
			isa = PBXFrameworksBuildPhase;
			buildActionMask = 2147483647;
			files = (
				F729204816314F550045EB76 /* Foundation.framework in Frameworks */,
				85CCB3855ED7464FA01998BB /* libPods.a in Frameworks */,
			);
			runOnlyForDeploymentPostprocessing = 0;
		};
/* End PBXFrameworksBuildPhase section */

/* Begin PBXGroup section */
		1D7E984B7B0EF8C21D2D12FA /* Pods */ = {
			isa = PBXGroup;
			children = (
				FF4FB677D67017739C371FFE /* Pods.debug.xcconfig */,
				3FEC9FA3EAC5585D22F62479 /* Pods.release.xcconfig */,
			);
			name = Pods;
			sourceTree = "<group>";
		};
		F729203916314F550045EB76 = {
			isa = PBXGroup;
			children = (
				F729204916314F550045EB76 /* P34Utils */,
				F729204616314F550045EB76 /* Frameworks */,
				F729204516314F550045EB76 /* Products */,
				1D7E984B7B0EF8C21D2D12FA /* Pods */,
			);
			sourceTree = "<group>";
		};
		F729204516314F550045EB76 /* Products */ = {
			isa = PBXGroup;
			children = (
				F729204416314F550045EB76 /* libP34Utils.a */,
			);
			name = Products;
			sourceTree = "<group>";
		};
		F729204616314F550045EB76 /* Frameworks */ = {
			isa = PBXGroup;
			children = (
				F729204716314F550045EB76 /* Foundation.framework */,
				89DA61B2468C46538BD0BADE /* libPods.a */,
			);
			name = Frameworks;
			sourceTree = "<group>";
		};
		F729204916314F550045EB76 /* P34Utils */ = {
			isa = PBXGroup;
			children = (
				F72921A9163169000045EB76 /* P34Utils.h */,
				F72921AA163169000045EB76 /* P34Utils.m */,
				F7292121163168E20045EB76 /* P34Utils */,
				F729204A16314F550045EB76 /* Supporting Files */,
			);
			path = P34Utils;
			sourceTree = "<group>";
		};
		F729204A16314F550045EB76 /* Supporting Files */ = {
			isa = PBXGroup;
			children = (
				F72920F1163153FA0045EB76 /* P34Utils-Prefix.pch */,
			);
			name = "Supporting Files";
			sourceTree = "<group>";
		};
		F7292121163168E20045EB76 /* P34Utils */ = {
			isa = PBXGroup;
			children = (
				F7292122163168E20045EB76 /* AlignedLabel.h */,
				F7292123163168E20045EB76 /* AlignedLabel.m */,
				F7292126163168E20045EB76 /* BlockAlertView.h */,
				F7292127163168E20045EB76 /* BlockAlertView.m */,
				F7292128163168E20045EB76 /* BlockButton.h */,
				F7292129163168E20045EB76 /* BlockButton.m */,
				F729212A163168E20045EB76 /* BlockSwipeGestureRecognizer.h */,
				F729212B163168E20045EB76 /* BlockSwipeGestureRecognizer.m */,
				F729212C163168E20045EB76 /* BlockTapGestureRecognizer.h */,
				F729212D163168E20045EB76 /* BlockTapGestureRecognizer.m */,
				F729212E163168E20045EB76 /* ButtonWithBackground.h */,
				F729212F163168E20045EB76 /* ButtonWithBackground.m */,
				F7292130163168E20045EB76 /* CustomButton.h */,
				F7292131163168E20045EB76 /* CustomButton.m */,
				F729213A163168E20045EB76 /* HiddenTabBarController.h */,
				F729213B163168E20045EB76 /* HiddenTabBarController.m */,
				F729213C163168E20045EB76 /* ImageViewWithPattern.h */,
				F729213D163168E20045EB76 /* ImageViewWithPattern.m */,
				F729213E163168E20045EB76 /* KeyboardListener.h */,
				F729213F163168E20045EB76 /* KeyboardListener.m */,
				F7292140163168E20045EB76 /* LoadingAlertView.h */,
				F7292141163168E20045EB76 /* LoadingAlertView.m */,
				F7292142163168E20045EB76 /* NSArray+P34Utils.h */,
				F7292143163168E20045EB76 /* NSArray+P34Utils.m */,
				F7292144163168E20045EB76 /* NSDate+P34Utils.h */,
				F7292145163168E20045EB76 /* NSDate+P34Utils.m */,
				F7292146163168E20045EB76 /* NSFileManager+P34Utils.h */,
				F7292147163168E20045EB76 /* NSFileManager+P34Utils.m */,
				F7292148163168E20045EB76 /* NSManagedObject+P34Utils.h */,
				F7292149163168E20045EB76 /* NSManagedObject+P34Utils.m */,
				F729214A163168E20045EB76 /* NSMutableArray+P34Utils.h */,
				F729214B163168E20045EB76 /* NSMutableArray+P34Utils.m */,
				F777D6F81A115152002DEBB0 /* NSMutableAttributedString+P34Utils.h */,
				F777D6F91A115152002DEBB0 /* NSMutableAttributedString+P34Utils.m */,
				F729214C163168E20045EB76 /* NSMutableString+P34Utils.h */,
				F729214D163168E20045EB76 /* NSMutableString+P34Utils.m */,
				F729214E163168E20045EB76 /* NSObject+P34Utils.h */,
				F729214F163168E20045EB76 /* NSObject+P34Utils.m */,
				F7292150163168E20045EB76 /* NSSet+P34Utils.h */,
				F7292151163168E20045EB76 /* NSSet+P34Utils.m */,
				F7292152163168E20045EB76 /* NSString+P34Utils.h */,
				F7292153163168E20045EB76 /* NSString+P34Utils.m */,
				F7292156163168E20045EB76 /* Reachability+P34Utils.h */,
				F7292157163168E20045EB76 /* Reachability+P34Utils.m */,
				F7292158163168E20045EB76 /* StretchableImageView.h */,
				F7292159163168E20045EB76 /* StretchableImageView.m */,
				F729215A163168E20045EB76 /* StringUtils.h */,
				F729215B163168E20045EB76 /* StringUtils.m */,
				F729215C163168E20045EB76 /* TransparentTableView.h */,
				F729215D163168E20045EB76 /* TransparentTableView.m */,
				F729215E163168E20045EB76 /* UIApplication+P34Utils.h */,
				F729215F163168E20045EB76 /* UIApplication+P34Utils.m */,
				F7292160163168E20045EB76 /* UIColor+P34Utils.h */,
				F7292161163168E20045EB76 /* UIColor+P34Utils.m */,
				F7292162163168E20045EB76 /* UIImage+Alpha.h */,
				F7292163163168E20045EB76 /* UIImage+Alpha.m */,
				F7292164163168E20045EB76 /* UIImage+P34Utils.h */,
				F7292165163168E20045EB76 /* UIImage+P34Utils.m */,
				F7292166163168E20045EB76 /* UIImage+Resize.h */,
				F7292167163168E20045EB76 /* UIImage+Resize.m */,
				F7292168163168E20045EB76 /* UIImage+RoundedCorner.h */,
				F7292169163168E20045EB76 /* UIImage+RoundedCorner.m */,
				F729216A163168E20045EB76 /* UILabel+P34Utils.h */,
				F729216B163168E20045EB76 /* UILabel+P34Utils.m */,
				F729216C163168E20045EB76 /* UIScrollView+P34Utils.h */,
				F729216D163168E20045EB76 /* UIScrollView+P34Utils.m */,
				F729216E163168E20045EB76 /* UITableView+P34Utils.h */,
				F729216F163168E20045EB76 /* UITableView+P34Utils.m */,
				F7292170163168E20045EB76 /* UITableViewCell+P34Utils.h */,
				F7292171163168E20045EB76 /* UITableViewCell+P34Utils.m */,
				F7292172163168E20045EB76 /* UIView+Fading.h */,
				F7292173163168E20045EB76 /* UIView+Fading.m */,
				F7292174163168E20045EB76 /* UIView+P34Utils.h */,
				F7292175163168E20045EB76 /* UIView+P34Utils.m */,
				F7292176163168E20045EB76 /* UIViewController+P34Utils.h */,
				F7292177163168E20045EB76 /* UIViewController+P34Utils.m */,
				F7292178163168E20045EB76 /* UIWebView+P34Utils.h */,
				F7292179163168E20045EB76 /* UIWebView+P34Utils.m */,
				F729217A163168E20045EB76 /* VideoPlayingResolver.h */,
				F729217B163168E20045EB76 /* VideoPlayingResolver.m */,
				F784BBDB185E06D300428ADA /* NSAttributedString+P34Utils.h */,
				F784BBDC185E06D300428ADA /* NSAttributedString+P34Utils.m */,
				F784BBDE185E06FF00428ADA /* NSMutableAttributedString+Utils.h */,
			);
			name = P34Utils;
			sourceTree = "<group>";
		};
/* End PBXGroup section */

/* Begin PBXNativeTarget section */
		F729204316314F550045EB76 /* P34Utils */ = {
			isa = PBXNativeTarget;
			buildConfigurationList = F729205216314F550045EB76 /* Build configuration list for PBXNativeTarget "P34Utils" */;
			buildPhases = (
				F729204016314F550045EB76 /* Sources */,
				F729204116314F550045EB76 /* Frameworks */,
				F729204216314F550045EB76 /* CopyFiles */,
				41485C19803745A0881E6488 /* Copy Pods Resources */,
			);
			buildRules = (
			);
			dependencies = (
			);
			name = P34Utils;
			productName = P34Utils;
			productReference = F729204416314F550045EB76 /* libP34Utils.a */;
			productType = "com.apple.product-type.library.static";
		};
/* End PBXNativeTarget section */

/* Begin PBXProject section */
		F729203B16314F550045EB76 /* Project object */ = {
			isa = PBXProject;
			attributes = {
				LastUpgradeCheck = 0600;
				ORGANIZATIONNAME = "Gleb Tarasov";
			};
			buildConfigurationList = F729203E16314F550045EB76 /* Build configuration list for PBXProject "P34Utils" */;
			compatibilityVersion = "Xcode 3.2";
			developmentRegion = English;
			hasScannedForEncodings = 0;
			knownRegions = (
				en,
			);
			mainGroup = F729203916314F550045EB76;
			productRefGroup = F729204516314F550045EB76 /* Products */;
			projectDirPath = "";
			projectRoot = "";
			targets = (
				F729204316314F550045EB76 /* P34Utils */,
			);
		};
/* End PBXProject section */

/* Begin PBXShellScriptBuildPhase section */
		41485C19803745A0881E6488 /* Copy Pods Resources */ = {
			isa = PBXShellScriptBuildPhase;
			buildActionMask = 2147483647;
			files = (
			);
			inputPaths = (
			);
			name = "Copy Pods Resources";
			outputPaths = (
			);
			runOnlyForDeploymentPostprocessing = 0;
			shellPath = /bin/sh;
			shellScript = "\"${SRCROOT}/Pods/Target Support Files/Pods/Pods-resources.sh\"\n";
		};
/* End PBXShellScriptBuildPhase section */

/* Begin PBXSourcesBuildPhase section */
		F729204016314F550045EB76 /* Sources */ = {
			isa = PBXSourcesBuildPhase;
			buildActionMask = 2147483647;
			files = (
				F729217C163168E20045EB76 /* AlignedLabel.m in Sources */,
				F729217E163168E20045EB76 /* BlockAlertView.m in Sources */,
				F729217F163168E20045EB76 /* BlockButton.m in Sources */,
				F7292180163168E20045EB76 /* BlockSwipeGestureRecognizer.m in Sources */,
				F7292181163168E20045EB76 /* BlockTapGestureRecognizer.m in Sources */,
				F7292182163168E20045EB76 /* ButtonWithBackground.m in Sources */,
				F777D6FA1A115152002DEBB0 /* NSMutableAttributedString+P34Utils.m in Sources */,
				F7292183163168E20045EB76 /* CustomButton.m in Sources */,
				F784BBDD185E06D300428ADA /* NSAttributedString+P34Utils.m in Sources */,
				F7292188163168E20045EB76 /* HiddenTabBarController.m in Sources */,
				F7292189163168E20045EB76 /* ImageViewWithPattern.m in Sources */,
				F729218A163168E20045EB76 /* KeyboardListener.m in Sources */,
				F729218B163168E20045EB76 /* LoadingAlertView.m in Sources */,
				F729218C163168E20045EB76 /* NSArray+P34Utils.m in Sources */,
				F729218D163168E20045EB76 /* NSDate+P34Utils.m in Sources */,
				F729218E163168E20045EB76 /* NSFileManager+P34Utils.m in Sources */,
				F729218F163168E20045EB76 /* NSManagedObject+P34Utils.m in Sources */,
				F7292190163168E20045EB76 /* NSMutableArray+P34Utils.m in Sources */,
				F7292191163168E20045EB76 /* NSMutableString+P34Utils.m in Sources */,
				F7292192163168E20045EB76 /* NSObject+P34Utils.m in Sources */,
				F7292193163168E20045EB76 /* NSSet+P34Utils.m in Sources */,
				F7292194163168E20045EB76 /* NSString+P34Utils.m in Sources */,
				F7292196163168E20045EB76 /* Reachability+P34Utils.m in Sources */,
				F7292197163168E20045EB76 /* StretchableImageView.m in Sources */,
				F7292198163168E20045EB76 /* StringUtils.m in Sources */,
				F7292199163168E20045EB76 /* TransparentTableView.m in Sources */,
				F729219A163168E20045EB76 /* UIApplication+P34Utils.m in Sources */,
				F729219B163168E20045EB76 /* UIColor+P34Utils.m in Sources */,
				F729219C163168E20045EB76 /* UIImage+Alpha.m in Sources */,
				F729219D163168E20045EB76 /* UIImage+P34Utils.m in Sources */,
				F729219E163168E20045EB76 /* UIImage+Resize.m in Sources */,
				F729219F163168E20045EB76 /* UIImage+RoundedCorner.m in Sources */,
				F72921A0163168E20045EB76 /* UILabel+P34Utils.m in Sources */,
				F72921A1163168E20045EB76 /* UIScrollView+P34Utils.m in Sources */,
				F72921A2163168E20045EB76 /* UITableView+P34Utils.m in Sources */,
				F72921A3163168E20045EB76 /* UITableViewCell+P34Utils.m in Sources */,
				F72921A4163168E20045EB76 /* UIView+Fading.m in Sources */,
				F72921A5163168E20045EB76 /* UIView+P34Utils.m in Sources */,
				F72921A6163168E20045EB76 /* UIViewController+P34Utils.m in Sources */,
				F72921A7163168E20045EB76 /* UIWebView+P34Utils.m in Sources */,
				F72921A8163168E20045EB76 /* VideoPlayingResolver.m in Sources */,
				F72921AB163169000045EB76 /* P34Utils.m in Sources */,
			);
			runOnlyForDeploymentPostprocessing = 0;
		};
/* End PBXSourcesBuildPhase section */

/* Begin XCBuildConfiguration section */
		F729205016314F550045EB76 /* Debug */ = {
			isa = XCBuildConfiguration;
			buildSettings = {
				ALWAYS_SEARCH_USER_PATHS = NO;
				CLANG_CXX_LANGUAGE_STANDARD = "gnu++0x";
				CLANG_CXX_LIBRARY = "libc++";
				CLANG_ENABLE_OBJC_ARC = YES;
				CLANG_WARN_EMPTY_BODY = YES;
				CLANG_WARN__DUPLICATE_METHOD_MATCH = YES;
				COPY_PHASE_STRIP = NO;
				GCC_C_LANGUAGE_STANDARD = gnu99;
				GCC_DYNAMIC_NO_PIC = NO;
				GCC_OPTIMIZATION_LEVEL = 0;
				GCC_PREPROCESSOR_DEFINITIONS = (
					"DEBUG=1",
					"$(inherited)",
				);
				GCC_SYMBOLS_PRIVATE_EXTERN = NO;
				GCC_WARN_ABOUT_RETURN_TYPE = YES;
				GCC_WARN_UNINITIALIZED_AUTOS = YES;
				GCC_WARN_UNUSED_VARIABLE = YES;
				IPHONEOS_DEPLOYMENT_TARGET = 5.0;
				ONLY_ACTIVE_ARCH = YES;
				SDKROOT = iphoneos;
			};
			name = Debug;
		};
		F729205116314F550045EB76 /* Release */ = {
			isa = XCBuildConfiguration;
			buildSettings = {
				ALWAYS_SEARCH_USER_PATHS = NO;
				CLANG_CXX_LANGUAGE_STANDARD = "gnu++0x";
				CLANG_CXX_LIBRARY = "libc++";
				CLANG_ENABLE_OBJC_ARC = YES;
				CLANG_WARN_EMPTY_BODY = YES;
				CLANG_WARN__DUPLICATE_METHOD_MATCH = YES;
				COPY_PHASE_STRIP = YES;
				GCC_C_LANGUAGE_STANDARD = gnu99;
				GCC_WARN_ABOUT_RETURN_TYPE = YES;
				GCC_WARN_UNINITIALIZED_AUTOS = YES;
				GCC_WARN_UNUSED_VARIABLE = YES;
				IPHONEOS_DEPLOYMENT_TARGET = 5.0;
				SDKROOT = iphoneos;
				VALIDATE_PRODUCT = YES;
			};
			name = Release;
		};
		F729205316314F550045EB76 /* Debug */ = {
			isa = XCBuildConfiguration;
			baseConfigurationReference = FF4FB677D67017739C371FFE /* Pods.debug.xcconfig */;
			buildSettings = {
				DSTROOT = /tmp/P34Utils.dst;
				GCC_PRECOMPILE_PREFIX_HEADER = YES;
				GCC_PREFIX_HEADER = "P34Utils-Prefix.pch";
				LIBRARY_SEARCH_PATHS = (
					"$(inherited)",
					"\"$(SRCROOT)/Libs/GoogleAnalytics\"",
				);
				PRODUCT_NAME = "$(TARGET_NAME)";
				SKIP_INSTALL = YES;
			};
			name = Debug;
		};
		F729205416314F550045EB76 /* Release */ = {
			isa = XCBuildConfiguration;
			baseConfigurationReference = 3FEC9FA3EAC5585D22F62479 /* Pods.release.xcconfig */;
			buildSettings = {
				DSTROOT = /tmp/P34Utils.dst;
				GCC_PRECOMPILE_PREFIX_HEADER = YES;
				GCC_PREFIX_HEADER = "P34Utils-Prefix.pch";
				LIBRARY_SEARCH_PATHS = (
					"$(inherited)",
					"\"$(SRCROOT)/Libs/GoogleAnalytics\"",
				);
				PRODUCT_NAME = "$(TARGET_NAME)";
				SKIP_INSTALL = YES;
			};
			name = Release;
		};
/* End XCBuildConfiguration section */

/* Begin XCConfigurationList section */
		F729203E16314F550045EB76 /* Build configuration list for PBXProject "P34Utils" */ = {
			isa = XCConfigurationList;
			buildConfigurations = (
				F729205016314F550045EB76 /* Debug */,
				F729205116314F550045EB76 /* Release */,
			);
			defaultConfigurationIsVisible = 0;
			defaultConfigurationName = Release;
		};
		F729205216314F550045EB76 /* Build configuration list for PBXNativeTarget "P34Utils" */ = {
			isa = XCConfigurationList;
			buildConfigurations = (
				F729205316314F550045EB76 /* Debug */,
				F729205416314F550045EB76 /* Release */,
			);
			defaultConfigurationIsVisible = 0;
			defaultConfigurationName = Release;
		};
/* End XCConfigurationList section */
	};
	rootObject = F729203B16314F550045EB76 /* Project object */;
}
